
Microsoft Visual Studio Solution File, Format Version 12.00
# Visual Studio Version 16
VisualStudioVersion = 16.0.30114.105
MinimumVisualStudioVersion = 10.0.40219.1
Project("{FAE04EC0-301F-11D3-BF4B-00C04F79EFBC}") = "Crawler.Configuration.Client", "Crawler.Configuration.Client\Crawler.Configuration.Client.csproj", "{F2B6E957-95A2-4A0F-BB70-DC04CFA7FFC5}"
EndProject
Project("{FAE04EC0-301F-11D3-BF4B-00C04F79EFBC}") = "Crawler.Configuration.Repository", "Crawler.Configuration.Repository\Crawler.Configuration.Repository.csproj", "{6D9B7EAB-08A4-4F8F-BC51-7C73C7E474E6}"
EndProject
Project("{FAE04EC0-301F-11D3-BF4B-00C04F79EFBC}") = "Crawler.Configuration.Server", "Crawler.Configuration.Server\Crawler.Configuration.Server.csproj", "{2A000042-4F9F-478B-B181-D52C6CDD9F27}"
EndProject
Global
	GlobalSection(SolutionConfigurationPlatforms) = preSolution
		Debug|Any CPU = Debug|Any CPU
		Debug|x64 = Debug|x64
		Debug|x86 = Debug|x86
		Release|Any CPU = Release|Any CPU
		Release|x64 = Release|x64
		Release|x86 = Release|x86
	EndGlobalSection
	GlobalSection(SolutionProperties) = preSolution
		HideSolutionNode = FALSE
	EndGlobalSection
	GlobalSection(ProjectConfigurationPlatforms) = postSolution
		{F2B6E957-95A2-4A0F-BB70-DC04CFA7FFC5}.Debug|Any CPU.ActiveCfg = Debug|Any CPU
		{F2B6E957-95A2-4A0F-BB70-DC04CFA7FFC5}.Debug|Any CPU.Build.0 = Debug|Any CPU
		{F2B6E957-95A2-4A0F-BB70-DC04CFA7FFC5}.Debug|x64.ActiveCfg = Debug|Any CPU
		{F2B6E957-95A2-4A0F-BB70-DC04CFA7FFC5}.Debug|x64.Build.0 = Debug|Any CPU
		{F2B6E957-95A2-4A0F-BB70-DC04CFA7FFC5}.Debug|x86.ActiveCfg = Debug|Any CPU
		{F2B6E957-95A2-4A0F-BB70-DC04CFA7FFC5}.Debug|x86.Build.0 = Debug|Any CPU
		{F2B6E957-95A2-4A0F-BB70-DC04CFA7FFC5}.Release|Any CPU.ActiveCfg = Release|Any CPU
		{F2B6E957-95A2-4A0F-BB70-DC04CFA7FFC5}.Release|Any CPU.Build.0 = Release|Any CPU
		{F2B6E957-95A2-4A0F-BB70-DC04CFA7FFC5}.Release|x64.ActiveCfg = Release|Any CPU
		{F2B6E957-95A2-4A0F-BB70-DC04CFA7FFC5}.Release|x64.Build.0 = Release|Any CPU
		{F2B6E957-95A2-4A0F-BB70-DC04CFA7FFC5}.Release|x86.ActiveCfg = Release|Any CPU
		{F2B6E957-95A2-4A0F-BB70-DC04CFA7FFC5}.Release|x86.Build.0 = Release|Any CPU
		{6D9B7EAB-08A4-4F8F-BC51-7C73C7E474E6}.Debug|Any CPU.ActiveCfg = Debug|Any CPU
		{6D9B7EAB-08A4-4F8F-BC51-7C73C7E474E6}.Debug|Any CPU.Build.0 = Debug|Any CPU
		{6D9B7EAB-08A4-4F8F-BC51-7C73C7E474E6}.Debug|x64.ActiveCfg = Debug|Any CPU
		{6D9B7EAB-08A4-4F8F-BC51-7C73C7E474E6}.Debug|x64.Build.0 = Debug|Any CPU
		{6D9B7EAB-08A4-4F8F-BC51-7C73C7E474E6}.Debug|x86.ActiveCfg = Debug|Any CPU
		{6D9B7EAB-08A4-4F8F-BC51-7C73C7E474E6}.Debug|x86.Build.0 = Debug|Any CPU
		{6D9B7EAB-08A4-4F8F-BC51-7C73C7E474E6}.Release|Any CPU.ActiveCfg = Release|Any CPU
		{6D9B7EAB-08A4-4F8F-BC51-7C73C7E474E6}.Release|Any CPU.Build.0 = Release|Any CPU
		{6D9B7EAB-08A4-4F8F-BC51-7C73C7E474E6}.Release|x64.ActiveCfg = Release|Any CPU
		{6D9B7EAB-08A4-4F8F-BC51-7C73C7E474E6}.Release|x64.Build.0 = Release|Any CPU
		{6D9B7EAB-08A4-4F8F-BC51-7C73C7E474E6}.Release|x86.ActiveCfg = Release|Any CPU
		{6D9B7EAB-08A4-4F8F-BC51-7C73C7E474E6}.Release|x86.Build.0 = Release|Any CPU
		{2A000042-4F9F-478B-B181-D52C6CDD9F27}.Debug|Any CPU.ActiveCfg = Debug|Any CPU
		{2A000042-4F9F-478B-B181-D52C6CDD9F27}.Debug|Any CPU.Build.0 = Debug|Any CPU
		{2A000042-4F9F-478B-B181-D52C6CDD9F27}.Debug|x64.ActiveCfg = Debug|Any CPU
		{2A000042-4F9F-478B-B181-D52C6CDD9F27}.Debug|x64.Build.0 = Debug|Any CPU
		{2A000042-4F9F-478B-B181-D52C6CDD9F27}.Debug|x86.ActiveCfg = Debug|Any CPU
		{2A000042-4F9F-478B-B181-D52C6CDD9F27}.Debug|x86.Build.0 = Debug|Any CPU
		{2A000042-4F9F-478B-B181-D52C6CDD9F27}.Release|Any CPU.ActiveCfg = Release|Any CPU
		{2A000042-4F9F-478B-B181-D52C6CDD9F27}.Release|Any CPU.Build.0 = Release|Any CPU
		{2A000042-4F9F-478B-B181-D52C6CDD9F27}.Release|x64.ActiveCfg = Release|Any CPU
		{2A000042-4F9F-478B-B181-D52C6CDD9F27}.Release|x64.Build.0 = Release|Any CPU
		{2A000042-4F9F-478B-B181-D52C6CDD9F27}.Release|x86.ActiveCfg = Release|Any CPU
		{2A000042-4F9F-478B-B181-D52C6CDD9F27}.Release|x86.Build.0 = Release|Any CPU
	EndGlobalSection
EndGlobal
